// !$*UTF8*$!
{
	archiveVersion = 1;
	classes = {
	};
	objectVersion = 51;
	objects = {

/* Begin PBXBuildFile section */
		20BEB62B1189DA95BD30E795 /* Pods_mictoggle.framework in Frameworks */ = {isa = PBXBuildFile; fileRef = 809172165DA84E7396F76205 /* Pods_mictoggle.framework */; };
		5B41618F243B54FB006435A0 /* AppDelegate.swift in Sources */ = {isa = PBXBuildFile; fileRef = 5B41618E243B54FB006435A0 /* AppDelegate.swift */; };
		5B416191243B54FB006435A0 /* ContentView.swift in Sources */ = {isa = PBXBuildFile; fileRef = 5B416190243B54FB006435A0 /* ContentView.swift */; };
		5B416193243B54FC006435A0 /* Assets.xcassets in Resources */ = {isa = PBXBuildFile; fileRef = 5B416192243B54FC006435A0 /* Assets.xcassets */; };
		5B416196243B54FC006435A0 /* Preview Assets.xcassets in Resources */ = {isa = PBXBuildFile; fileRef = 5B416195243B54FC006435A0 /* Preview Assets.xcassets */; };
		5B416199243B54FC006435A0 /* Main.storyboard in Resources */ = {isa = PBXBuildFile; fileRef = 5B416197243B54FC006435A0 /* Main.storyboard */; };
		5BD4D9D6243BB5F60073A413 /* MicManager.m in Sources */ = {isa = PBXBuildFile; fileRef = 5BD4D9D5243BB5F60073A413 /* MicManager.m */; };
		5BDEB586247BE833006C9BE3 /* closing.wav in Resources */ = {isa = PBXBuildFile; fileRef = 5BDEB584247BE833006C9BE3 /* closing.wav */; };
		5BDEB587247BE833006C9BE3 /* opening.wav in Resources */ = {isa = PBXBuildFile; fileRef = 5BDEB585247BE833006C9BE3 /* opening.wav */; };
/* End PBXBuildFile section */

/* Begin PBXFileReference section */
		0E98DAE1CAF18B31D8C3E4C8 /* Pods-mictoggle.release.xcconfig */ = {isa = PBXFileReference; includeInIndex = 1; lastKnownFileType = text.xcconfig; name = "Pods-mictoggle.release.xcconfig"; path = "Target Support Files/Pods-mictoggle/Pods-mictoggle.release.xcconfig"; sourceTree = "<group>"; };
		5B41618B243B54FB006435A0 /* mictoggle.app */ = {isa = PBXFileReference; explicitFileType = wrapper.application; includeInIndex = 0; path = mictoggle.app; sourceTree = BUILT_PRODUCTS_DIR; };
		5B41618E243B54FB006435A0 /* AppDelegate.swift */ = {isa = PBXFileReference; lastKnownFileType = sourcecode.swift; path = AppDelegate.swift; sourceTree = "<group>"; };
		5B416190243B54FB006435A0 /* ContentView.swift */ = {isa = PBXFileReference; lastKnownFileType = sourcecode.swift; path = ContentView.swift; sourceTree = "<group>"; };
		5B416192243B54FC006435A0 /* Assets.xcassets */ = {isa = PBXFileReference; lastKnownFileType = folder.assetcatalog; path = Assets.xcassets; sourceTree = "<group>"; };
		5B416195243B54FC006435A0 /* Preview Assets.xcassets */ = {isa = PBXFileReference; lastKnownFileType = folder.assetcatalog; path = "Preview Assets.xcassets"; sourceTree = "<group>"; };
		5B416198243B54FC006435A0 /* Base */ = {isa = PBXFileReference; lastKnownFileType = file.storyboard; name = Base; path = Base.lproj/Main.storyboard; sourceTree = "<group>"; };
		5B41619A243B54FC006435A0 /* Info.plist */ = {isa = PBXFileReference; lastKnownFileType = text.plist.xml; path = Info.plist; sourceTree = "<group>"; };
		5B41619B243B54FC006435A0 /* mictoggle.entitlements */ = {isa = PBXFileReference; lastKnownFileType = text.plist.entitlements; path = mictoggle.entitlements; sourceTree = "<group>"; };
		5BD4D9D3243BB5F50073A413 /* mictoggle-Bridging-Header.h */ = {isa = PBXFileReference; lastKnownFileType = sourcecode.c.h; path = "mictoggle-Bridging-Header.h"; sourceTree = "<group>"; };
		5BD4D9D4243BB5F60073A413 /* MicManager.h */ = {isa = PBXFileReference; lastKnownFileType = sourcecode.c.h; path = MicManager.h; sourceTree = "<group>"; };
		5BD4D9D5243BB5F60073A413 /* MicManager.m */ = {isa = PBXFileReference; lastKnownFileType = sourcecode.c.objc; path = MicManager.m; sourceTree = "<group>"; };
		5BDEB584247BE833006C9BE3 /* closing.wav */ = {isa = PBXFileReference; lastKnownFileType = audio.wav; name = closing.wav; path = mictoggle/closing.wav; sourceTree = "<group>"; };
		5BDEB585247BE833006C9BE3 /* opening.wav */ = {isa = PBXFileReference; lastKnownFileType = audio.wav; name = opening.wav; path = mictoggle/opening.wav; sourceTree = "<group>"; };
		809172165DA84E7396F76205 /* Pods_mictoggle.framework */ = {isa = PBXFileReference; explicitFileType = wrapper.framework; includeInIndex = 0; path = Pods_mictoggle.framework; sourceTree = BUILT_PRODUCTS_DIR; };
		A5918F9C3081D5B7950645D4 /* Pods-mictoggle.debug.xcconfig */ = {isa = PBXFileReference; includeInIndex = 1; lastKnownFileType = text.xcconfig; name = "Pods-mictoggle.debug.xcconfig"; path = "Target Support Files/Pods-mictoggle/Pods-mictoggle.debug.xcconfig"; sourceTree = "<group>"; };
/* End PBXFileReference section */

/* Begin PBXFrameworksBuildPhase section */
		5B416188243B54FB006435A0 /* Frameworks */ = {
			isa = PBXFrameworksBuildPhase;
			buildActionMask = 2147483647;
			files = (
				20BEB62B1189DA95BD30E795 /* Pods_mictoggle.framework in Frameworks */,
			);
			runOnlyForDeploymentPostprocessing = 0;
		};
/* End PBXFrameworksBuildPhase section */

/* Begin PBXGroup section */
		3392FDBD63C2F57742A5D586 /* Pods */ = {
			isa = PBXGroup;
			children = (
				A5918F9C3081D5B7950645D4 /* Pods-mictoggle.debug.xcconfig */,
				0E98DAE1CAF18B31D8C3E4C8 /* Pods-mictoggle.release.xcconfig */,
			);
			path = Pods;
			sourceTree = "<group>";
		};
		4814B7862960493566FC1F67 /* Frameworks */ = {
			isa = PBXGroup;
			children = (
				809172165DA84E7396F76205 /* Pods_mictoggle.framework */,
			);
			name = Frameworks;
			sourceTree = "<group>";
		};
		5B416182243B54FB006435A0 = {
			isa = PBXGroup;
			children = (
				5BDEB584247BE833006C9BE3 /* closing.wav */,
				5BDEB585247BE833006C9BE3 /* opening.wav */,
				5B41618D243B54FB006435A0 /* mictoggle */,
				5B41618C243B54FB006435A0 /* Products */,
				3392FDBD63C2F57742A5D586 /* Pods */,
				4814B7862960493566FC1F67 /* Frameworks */,
			);
			sourceTree = "<group>";
		};
		5B41618C243B54FB006435A0 /* Products */ = {
			isa = PBXGroup;
			children = (
				5B41618B243B54FB006435A0 /* mictoggle.app */,
			);
			name = Products;
			sourceTree = "<group>";
		};
		5B41618D243B54FB006435A0 /* mictoggle */ = {
			isa = PBXGroup;
			children = (
				5B41618E243B54FB006435A0 /* AppDelegate.swift */,
				5B416190243B54FB006435A0 /* ContentView.swift */,
				5B416192243B54FC006435A0 /* Assets.xcassets */,
				5B416197243B54FC006435A0 /* Main.storyboard */,
				5B41619A243B54FC006435A0 /* Info.plist */,
				5B41619B243B54FC006435A0 /* mictoggle.entitlements */,
				5B416194243B54FC006435A0 /* Preview Content */,
				5BD4D9D4243BB5F60073A413 /* MicManager.h */,
				5BD4D9D5243BB5F60073A413 /* MicManager.m */,
				5BD4D9D3243BB5F50073A413 /* mictoggle-Bridging-Header.h */,
			);
			path = mictoggle;
			sourceTree = "<group>";
		};
		5B416194243B54FC006435A0 /* Preview Content */ = {
			isa = PBXGroup;
			children = (
				5B416195243B54FC006435A0 /* Preview Assets.xcassets */,
			);
			path = "Preview Content";
			sourceTree = "<group>";
		};
/* End PBXGroup section */

/* Begin PBXNativeTarget section */
		5B41618A243B54FB006435A0 /* mictoggle */ = {
			isa = PBXNativeTarget;
			buildConfigurationList = 5B41619E243B54FC006435A0 /* Build configuration list for PBXNativeTarget "mictoggle" */;
			buildPhases = (
				0AD071F612EF266AAA03CAAE /* [CP] Check Pods Manifest.lock */,
				5B416187243B54FB006435A0 /* Sources */,
				5B416188243B54FB006435A0 /* Frameworks */,
				5B416189243B54FB006435A0 /* Resources */,
				C1F508A75E15647406DC7872 /* [CP] Embed Pods Frameworks */,
			);
			buildRules = (
			);
			dependencies = (
			);
			name = mictoggle;
			productName = mictoggle;
			productReference = 5B41618B243B54FB006435A0 /* mictoggle.app */;
			productType = "com.apple.product-type.application";
		};
/* End PBXNativeTarget section */

/* Begin PBXProject section */
		5B416183243B54FB006435A0 /* Project object */ = {
			isa = PBXProject;
			attributes = {
				LastSwiftUpdateCheck = 1140;
				LastUpgradeCheck = 1140;
				ORGANIZATIONNAME = "Armin Ronacher";
				TargetAttributes = {
					5B41618A243B54FB006435A0 = {
						CreatedOnToolsVersion = 11.4;
						LastSwiftMigration = 1140;
					};
				};
			};
			buildConfigurationList = 5B416186243B54FB006435A0 /* Build configuration list for PBXProject "mictoggle" */;
			compatibilityVersion = "Xcode 9.3";
			developmentRegion = en;
			hasScannedForEncodings = 0;
			knownRegions = (
				en,
				Base,
			);
			mainGroup = 5B416182243B54FB006435A0;
			productRefGroup = 5B41618C243B54FB006435A0 /* Products */;
			projectDirPath = "";
			projectRoot = "";
			targets = (
				5B41618A243B54FB006435A0 /* mictoggle */,
			);
		};
/* End PBXProject section */

/* Begin PBXResourcesBuildPhase section */
		5B416189243B54FB006435A0 /* Resources */ = {
			isa = PBXResourcesBuildPhase;
			buildActionMask = 2147483647;
			files = (
				5B416199243B54FC006435A0 /* Main.storyboard in Resources */,
				5BDEB586247BE833006C9BE3 /* closing.wav in Resources */,
				5BDEB587247BE833006C9BE3 /* opening.wav in Resources */,
				5B416196243B54FC006435A0 /* Preview Assets.xcassets in Resources */,
				5B416193243B54FC006435A0 /* Assets.xcassets in Resources */,
			);
			runOnlyForDeploymentPostprocessing = 0;
		};
/* End PBXResourcesBuildPhase section */

/* Begin PBXShellScriptBuildPhase section */
		0AD071F612EF266AAA03CAAE /* [CP] Check Pods Manifest.lock */ = {
			isa = PBXShellScriptBuildPhase;
			buildActionMask = 2147483647;
			files = (
			);
			inputFileListPaths = (
			);
			inputPaths = (
				"${PODS_PODFILE_DIR_PATH}/Podfile.lock",
				"${PODS_ROOT}/Manifest.lock",
			);
			name = "[CP] Check Pods Manifest.lock";
			outputFileListPaths = (
			);
			outputPaths = (
				"$(DERIVED_FILE_DIR)/Pods-mictoggle-checkManifestLockResult.txt",
			);
			runOnlyForDeploymentPostprocessing = 0;
			shellPath = /bin/sh;
			shellScript = "diff \"${PODS_PODFILE_DIR_PATH}/Podfile.lock\" \"${PODS_ROOT}/Manifest.lock\" > /dev/null\nif [ $? != 0 ] ; then\n    # print error to STDERR\n    echo \"error: The sandbox is not in sync with the Podfile.lock. Run 'pod install' or update your CocoaPods installation.\" >&2\n    exit 1\nfi\n# This output is used by Xcode 'outputs' to avoid re-running this script phase.\necho \"SUCCESS\" > \"${SCRIPT_OUTPUT_FILE_0}\"\n";
			showEnvVarsInLog = 0;
		};
		C1F508A75E15647406DC7872 /* [CP] Embed Pods Frameworks */ = {
			isa = PBXShellScriptBuildPhase;
			buildActionMask = 2147483647;
			files = (
			);
			inputFileListPaths = (
				"${PODS_ROOT}/Target Support Files/Pods-mictoggle/Pods-mictoggle-frameworks-${CONFIGURATION}-input-files.xcfilelist",
			);
			name = "[CP] Embed Pods Frameworks";
			outputFileListPaths = (
				"${PODS_ROOT}/Target Support Files/Pods-mictoggle/Pods-mictoggle-frameworks-${CONFIGURATION}-output-files.xcfilelist",
			);
			runOnlyForDeploymentPostprocessing = 0;
			shellPath = /bin/sh;
			shellScript = "\"${PODS_ROOT}/Target Support Files/Pods-mictoggle/Pods-mictoggle-frameworks.sh\"\n";
			showEnvVarsInLog = 0;
		};
/* End PBXShellScriptBuildPhase section */

/* Begin PBXSourcesBuildPhase section */
		5B416187243B54FB006435A0 /* Sources */ = {
			isa = PBXSourcesBuildPhase;
			buildActionMask = 2147483647;
			files = (
				5B416191243B54FB006435A0 /* ContentView.swift in Sources */,
				5B41618F243B54FB006435A0 /* AppDelegate.swift in Sources */,
				5BD4D9D6243BB5F60073A413 /* MicManager.m in Sources */,
			);
			runOnlyForDeploymentPostprocessing = 0;
		};
/* End PBXSourcesBuildPhase section */

/* Begin PBXVariantGroup section */
		5B416197243B54FC006435A0 /* Main.storyboard */ = {
			isa = PBXVariantGroup;
			children = (
				5B416198243B54FC006435A0 /* Base */,
			);
			name = Main.storyboard;
			sourceTree = "<group>";
		};
/* End PBXVariantGroup section */

/* Begin XCBuildConfiguration section */
		5B41619C243B54FC006435A0 /* Debug */ = {
			isa = XCBuildConfiguration;
			buildSettings = {
				ALWAYS_SEARCH_USER_PATHS = NO;
				CLANG_ANALYZER_NONNULL = YES;
				CLANG_ANALYZER_NUMBER_OBJECT_CONVERSION = YES_AGGRESSIVE;
				CLANG_CXX_LANGUAGE_STANDARD = "gnu++14";
				CLANG_CXX_LIBRARY = "libc++";
				CLANG_ENABLE_MODULES = YES;
				CLANG_ENABLE_OBJC_ARC = YES;
				CLANG_ENABLE_OBJC_WEAK = YES;
				CLANG_WARN_BLOCK_CAPTURE_AUTORELEASING = YES;
				CLANG_WARN_BOOL_CONVERSION = YES;
				CLANG_WARN_COMMA = YES;
				CLANG_WARN_CONSTANT_CONVERSION = YES;
				CLANG_WARN_DEPRECATED_OBJC_IMPLEMENTATIONS = YES;
				CLANG_WARN_DIRECT_OBJC_ISA_USAGE = YES_ERROR;
				CLANG_WARN_DOCUMENTATION_COMMENTS = YES;
				CLANG_WARN_EMPTY_BODY = YES;
				CLANG_WARN_ENUM_CONVERSION = YES;
				CLANG_WARN_INFINITE_RECURSION = YES;
				CLANG_WARN_INT_CONVERSION = YES;
				CLANG_WARN_NON_LITERAL_NULL_CONVERSION = YES;
				CLANG_WARN_OBJC_IMPLICIT_RETAIN_SELF = YES;
				CLANG_WARN_OBJC_LITERAL_CONVERSION = YES;
				CLANG_WARN_OBJC_ROOT_CLASS = YES_ERROR;
				CLANG_WARN_RANGE_LOOP_ANALYSIS = YES;
				CLANG_WARN_STRICT_PROTOTYPES = YES;
				CLANG_WARN_SUSPICIOUS_MOVE = YES;
				CLANG_WARN_UNGUARDED_AVAILABILITY = YES_AGGRESSIVE;
				CLANG_WARN_UNREACHABLE_CODE = YES;
				CLANG_WARN__DUPLICATE_METHOD_MATCH = YES;
				COPY_PHASE_STRIP = NO;
				DEBUG_INFORMATION_FORMAT = dwarf;
				ENABLE_STRICT_OBJC_MSGSEND = YES;
				ENABLE_TESTABILITY = YES;
				GCC_C_LANGUAGE_STANDARD = gnu11;
				GCC_DYNAMIC_NO_PIC = NO;
				GCC_NO_COMMON_BLOCKS = YES;
				GCC_OPTIMIZATION_LEVEL = 0;
				GCC_PREPROCESSOR_DEFINITIONS = (
					"DEBUG=1",
					"$(inherited)",
				);
				GCC_WARN_64_TO_32_BIT_CONVERSION = YES;
				GCC_WARN_ABOUT_RETURN_TYPE = YES_ERROR;
				GCC_WARN_UNDECLARED_SELECTOR = YES;
				GCC_WARN_UNINITIALIZED_AUTOS = YES_AGGRESSIVE;
				GCC_WARN_UNUSED_FUNCTION = YES;
				GCC_WARN_UNUSED_VARIABLE = YES;
				MACOSX_DEPLOYMENT_TARGET = 10.15;
				MTL_ENABLE_DEBUG_INFO = INCLUDE_SOURCE;
				MTL_FAST_MATH = YES;
				ONLY_ACTIVE_ARCH = YES;
				SDKROOT = macosx;
				SWIFT_ACTIVE_COMPILATION_CONDITIONS = DEBUG;
				SWIFT_OPTIMIZATION_LEVEL = "-Onone";
			};
			name = Debug;
		};
		5B41619D243B54FC006435A0 /* Release */ = {
			isa = XCBuildConfiguration;
			buildSettings = {
				ALWAYS_SEARCH_USER_PATHS = NO;
				CLANG_ANALYZER_NONNULL = YES;
				CLANG_ANALYZER_NUMBER_OBJECT_CONVERSION = YES_AGGRESSIVE;
				CLANG_CXX_LANGUAGE_STANDARD = "gnu++14";
				CLANG_CXX_LIBRARY = "libc++";
				CLANG_ENABLE_MODULES = YES;
				CLANG_ENABLE_OBJC_ARC = YES;
				CLANG_ENABLE_OBJC_WEAK = YES;
				CLANG_WARN_BLOCK_CAPTURE_AUTORELEASING = YES;
				CLANG_WARN_BOOL_CONVERSION = YES;
				CLANG_WARN_COMMA = YES;
				CLANG_WARN_CONSTANT_CONVERSION = YES;
				CLANG_WARN_DEPRECATED_OBJC_IMPLEMENTATIONS = YES;
				CLANG_WARN_DIRECT_OBJC_ISA_USAGE = YES_ERROR;
				CLANG_WARN_DOCUMENTATION_COMMENTS = YES;
				CLANG_WARN_EMPTY_BODY = YES;
				CLANG_WARN_ENUM_CONVERSION = YES;
				CLANG_WARN_INFINITE_RECURSION = YES;
				CLANG_WARN_INT_CONVERSION = YES;
				CLANG_WARN_NON_LITERAL_NULL_CONVERSION = YES;
				CLANG_WARN_OBJC_IMPLICIT_RETAIN_SELF = YES;
				CLANG_WARN_OBJC_LITERAL_CONVERSION = YES;
				CLANG_WARN_OBJC_ROOT_CLASS = YES_ERROR;
				CLANG_WARN_RANGE_LOOP_ANALYSIS = YES;
				CLANG_WARN_STRICT_PROTOTYPES = YES;
				CLANG_WARN_SUSPICIOUS_MOVE = YES;
				CLANG_WARN_UNGUARDED_AVAILABILITY = YES_AGGRESSIVE;
				CLANG_WARN_UNREACHABLE_CODE = YES;
				CLANG_WARN__DUPLICATE_METHOD_MATCH = YES;
				COPY_PHASE_STRIP = NO;
				DEBUG_INFORMATION_FORMAT = "dwarf-with-dsym";
				ENABLE_NS_ASSERTIONS = NO;
				ENABLE_STRICT_OBJC_MSGSEND = YES;
				GCC_C_LANGUAGE_STANDARD = gnu11;
				GCC_NO_COMMON_BLOCKS = YES;
				GCC_WARN_64_TO_32_BIT_CONVERSION = YES;
				GCC_WARN_ABOUT_RETURN_TYPE = YES_ERROR;
				GCC_WARN_UNDECLARED_SELECTOR = YES;
				GCC_WARN_UNINITIALIZED_AUTOS = YES_AGGRESSIVE;
				GCC_WARN_UNUSED_FUNCTION = YES;
				GCC_WARN_UNUSED_VARIABLE = YES;
				MACOSX_DEPLOYMENT_TARGET = 10.15;
				MTL_ENABLE_DEBUG_INFO = NO;
				MTL_FAST_MATH = YES;
				SDKROOT = macosx;
				SWIFT_COMPILATION_MODE = wholemodule;
				SWIFT_OPTIMIZATION_LEVEL = "-O";
			};
			name = Release;
		};
		5B41619F243B54FC006435A0 /* Debug */ = {
			isa = XCBuildConfiguration;
			baseConfigurationReference = A5918F9C3081D5B7950645D4 /* Pods-mictoggle.debug.xcconfig */;
			buildSettings = {
				ASSETCATALOG_COMPILER_APPICON_NAME = AppIcon;
				CLANG_ENABLE_MODULES = YES;
				CODE_SIGN_ENTITLEMENTS = mictoggle/mictoggle.entitlements;
				CODE_SIGN_STYLE = Automatic;
				COMBINE_HIDPI_IMAGES = YES;
				DEVELOPMENT_ASSET_PATHS = "\"mictoggle/Preview Content\"";
				DEVELOPMENT_TEAM = 97JCY7859U;
				ENABLE_HARDENED_RUNTIME = YES;
				ENABLE_PREVIEWS = YES;
				INFOPLIST_FILE = mictoggle/Info.plist;
				LD_RUNPATH_SEARCH_PATHS = (
					"$(inherited)",
					"@executable_path/../Frameworks",
				);
				MACOSX_DEPLOYMENT_TARGET = 10.15;
				PRODUCT_BUNDLE_IDENTIFIER = io.sentry.mictoggle;
				PRODUCT_NAME = "$(TARGET_NAME)";
				SWIFT_OBJC_BRIDGING_HEADER = "mictoggle/mictoggle-Bridging-Header.h";
				SWIFT_OPTIMIZATION_LEVEL = "-Onone";
				SWIFT_VERSION = 5.0;
			};
			name = Debug;
		};
		5B4161A0243B54FC006435A0 /* Release */ = {
			isa = XCBuildConfiguration;
			baseConfigurationReference = 0E98DAE1CAF18B31D8C3E4C8 /* Pods-mictoggle.release.xcconfig */;
			buildSettings = {
				ASSETCATALOG_COMPILER_APPICON_NAME = AppIcon;
				CLANG_ENABLE_MODULES = YES;
				CODE_SIGN_ENTITLEMENTS = mictoggle/mictoggle.entitlements;
				CODE_SIGN_STYLE = Automatic;
				COMBINE_HIDPI_IMAGES = YES;
				DEVELOPMENT_ASSET_PATHS = "\"mictoggle/Preview Content\"";
				DEVELOPMENT_TEAM = 97JCY7859U;
				ENABLE_HARDENED_RUNTIME = YES;
				ENABLE_PREVIEWS = YES;
				INFOPLIST_FILE = mictoggle/Info.plist;
				LD_RUNPATH_SEARCH_PATHS = (
					"$(inherited)",
					"@executable_path/../Frameworks",
				);
				MACOSX_DEPLOYMENT_TARGET = 10.15;
				PRODUCT_BUNDLE_IDENTIFIER = io.sentry.mictoggle;
				PRODUCT_NAME = "$(TARGET_NAME)";
				SWIFT_OBJC_BRIDGING_HEADER = "mictoggle/mictoggle-Bridging-Header.h";
				SWIFT_VERSION = 5.0;
			};
			name = Release;
		};
/* End XCBuildConfiguration section */

/* Begin XCConfigurationList section */
		5B416186243B54FB006435A0 /* Build configuration list for PBXProject "mictoggle" */ = {
			isa = XCConfigurationList;
			buildConfigurations = (
				5B41619C243B54FC006435A0 /* Debug */,
				5B41619D243B54FC006435A0 /* Release */,
			);
			defaultConfigurationIsVisible = 0;
			defaultConfigurationName = Release;
		};
		5B41619E243B54FC006435A0 /* Build configuration list for PBXNativeTarget "mictoggle" */ = {
			isa = XCConfigurationList;
			buildConfigurations = (
				5B41619F243B54FC006435A0 /* Debug */,
				5B4161A0243B54FC006435A0 /* Release */,
			);
			defaultConfigurationIsVisible = 0;
			defaultConfigurationName = Release;
		};
/* End XCConfigurationList section */
	};
	rootObject = 5B416183243B54FB006435A0 /* Project object */;
}
