// !$*UTF8*$!
{
	archiveVersion = 1;
	classes = {
	};
	objectVersion = 50;
	objects = {

/* Begin PBXBuildFile section */
		5B41618F243B54FB006435A0 /* AppDelegate.swift in Sources */ = {isa = PBXBuildFile; fileRef = 5B41618E243B54FB006435A0 /* AppDelegate.swift */; };
		5B416191243B54FB006435A0 /* ContentView.swift in Sources */ = {isa = PBXBuildFile; fileRef = 5B416190243B54FB006435A0 /* ContentView.swift */; };
		5B416193243B54FC006435A0 /* Assets.xcassets in Resources */ = {isa = PBXBuildFile; fileRef = 5B416192243B54FC006435A0 /* Assets.xcassets */; };
		5B416196243B54FC006435A0 /* Preview Assets.xcassets in Resources */ = {isa = PBXBuildFile; fileRef = 5B416195243B54FC006435A0 /* Preview Assets.xcassets */; };
		5B416199243B54FC006435A0 /* Main.storyboard in Resources */ = {isa = PBXBuildFile; fileRef = 5B416197243B54FC006435A0 /* Main.storyboard */; };
/* End PBXBuildFile section */

/* Begin PBXFileReference section */
		5B41618B243B54FB006435A0 /* mictoggle.app */ = {isa = PBXFileReference; explicitFileType = wrapper.application; includeInIndex = 0; path = mictoggle.app; sourceTree = BUILT_PRODUCTS_DIR; };
		5B41618E243B54FB006435A0 /* AppDelegate.swift */ = {isa = PBXFileReference; lastKnownFileType = sourcecode.swift; path = AppDelegate.swift; sourceTree = "<group>"; };
		5B416190243B54FB006435A0 /* ContentView.swift */ = {isa = PBXFileReference; lastKnownFileType = sourcecode.swift; path = ContentView.swift; sourceTree = "<group>"; };
		5B416192243B54FC006435A0 /* Assets.xcassets */ = {isa = PBXFileReference; lastKnownFileType = folder.assetcatalog; path = Assets.xcassets; sourceTree = "<group>"; };
		5B416195243B54FC006435A0 /* Preview Assets.xcassets */ = {isa = PBXFileReference; lastKnownFileType = folder.assetcatalog; path = "Preview Assets.xcassets"; sourceTree = "<group>"; };
		5B416198243B54FC006435A0 /* Base */ = {isa = PBXFileReference; lastKnownFileType = file.storyboard; name = Base; path = Base.lproj/Main.storyboard; sourceTree = "<group>"; };
		5B41619A243B54FC006435A0 /* Info.plist */ = {isa = PBXFileReference; lastKnownFileType = text.plist.xml; path = Info.plist; sourceTree = "<group>"; };
		5B41619B243B54FC006435A0 /* mictoggle.entitlements */ = {isa = PBXFileReference; lastKnownFileType = text.plist.entitlements; path = mictoggle.entitlements; sourceTree = "<group>"; };
/* End PBXFileReference section */

/* Begin PBXFrameworksBuildPhase section */
		5B416188243B54FB006435A0 /* Frameworks */ = {
			isa = PBXFrameworksBuildPhase;
			buildActionMask = 2147483647;
			files = (
			);
			runOnlyForDeploymentPostprocessing = 0;
		};
/* End PBXFrameworksBuildPhase section */

/* Begin PBXGroup section */
		5B416182243B54FB006435A0 = {
			isa = PBXGroup;
			children = (
				5B41618D243B54FB006435A0 /* mictoggle */,
				5B41618C243B54FB006435A0 /* Products */,
			);
			sourceTree = "<group>";
		};
		5B41618C243B54FB006435A0 /* Products */ = {
			isa = PBXGroup;
			children = (
				5B41618B243B54FB006435A0 /* mictoggle.app */,
			);
			name = Products;
			sourceTree = "<group>";
		};
		5B41618D243B54FB006435A0 /* mictoggle */ = {
			isa = PBXGroup;
			children = (
				5B41618E243B54FB006435A0 /* AppDelegate.swift */,
				5B416190243B54FB006435A0 /* ContentView.swift */,
				5B416192243B54FC006435A0 /* Assets.xcassets */,
				5B416197243B54FC006435A0 /* Main.storyboard */,
				5B41619A243B54FC006435A0 /* Info.plist */,
				5B41619B243B54FC006435A0 /* mictoggle.entitlements */,
				5B416194243B54FC006435A0 /* Preview Content */,
			);
			path = mictoggle;
			sourceTree = "<group>";
		};
		5B416194243B54FC006435A0 /* Preview Content */ = {
			isa = PBXGroup;
			children = (
				5B416195243B54FC006435A0 /* Preview Assets.xcassets */,
			);
			path = "Preview Content";
			sourceTree = "<group>";
		};
/* End PBXGroup section */

/* Begin PBXNativeTarget section */
		5B41618A243B54FB006435A0 /* mictoggle */ = {
			isa = PBXNativeTarget;
			buildConfigurationList = 5B41619E243B54FC006435A0 /* Build configuration list for PBXNativeTarget "mictoggle" */;
			buildPhases = (
				5B416187243B54FB006435A0 /* Sources */,
				5B416188243B54FB006435A0 /* Frameworks */,
				5B416189243B54FB006435A0 /* Resources */,
			);
			buildRules = (
			);
			dependencies = (
			);
			name = mictoggle;
			productName = mictoggle;
			productReference = 5B41618B243B54FB006435A0 /* mictoggle.app */;
			productType = "com.apple.product-type.application";
		};
/* End PBXNativeTarget section */

/* Begin PBXProject section */
		5B416183243B54FB006435A0 /* Project object */ = {
			isa = PBXProject;
			attributes = {
				LastSwiftUpdateCheck = 1140;
				LastUpgradeCheck = 1140;
				ORGANIZATIONNAME = "Armin Ronacher";
				TargetAttributes = {
					5B41618A243B54FB006435A0 = {
						CreatedOnToolsVersion = 11.4;
					};
				};
			};
			buildConfigurationList = 5B416186243B54FB006435A0 /* Build configuration list for PBXProject "mictoggle" */;
			compatibilityVersion = "Xcode 9.3";
			developmentRegion = en;
			hasScannedForEncodings = 0;
			knownRegions = (
				en,
				Base,
			);
			mainGroup = 5B416182243B54FB006435A0;
			productRefGroup = 5B41618C243B54FB006435A0 /* Products */;
			projectDirPath = "";
			projectRoot = "";
			targets = (
				5B41618A243B54FB006435A0 /* mictoggle */,
			);
		};
/* End PBXProject section */

/* Begin PBXResourcesBuildPhase section */
		5B416189243B54FB006435A0 /* Resources */ = {
			isa = PBXResourcesBuildPhase;
			buildActionMask = 2147483647;
			files = (
				5B416199243B54FC006435A0 /* Main.storyboard in Resources */,
				5B416196243B54FC006435A0 /* Preview Assets.xcassets in Resources */,
				5B416193243B54FC006435A0 /* Assets.xcassets in Resources */,
			);
			runOnlyForDeploymentPostprocessing = 0;
		};
/* End PBXResourcesBuildPhase section */

/* Begin PBXSourcesBuildPhase section */
		5B416187243B54FB006435A0 /* Sources */ = {
			isa = PBXSourcesBuildPhase;
			buildActionMask = 2147483647;
			files = (
				5B416191243B54FB006435A0 /* ContentView.swift in Sources */,
				5B41618F243B54FB006435A0 /* AppDelegate.swift in Sources */,
			);
			runOnlyForDeploymentPostprocessing = 0;
		};
/* End PBXSourcesBuildPhase section */

/* Begin PBXVariantGroup section */
		5B416197243B54FC006435A0 /* Main.storyboard */ = {
			isa = PBXVariantGroup;
			children = (
				5B416198243B54FC006435A0 /* Base */,
			);
			name = Main.storyboard;
			sourceTree = "<group>";
		};
/* End PBXVariantGroup section */

/* Begin XCBuildConfiguration section */
		5B41619C243B54FC006435A0 /* Debug */ = {
			isa = XCBuildConfiguration;
			buildSettings = {
				ALWAYS_SEARCH_USER_PATHS = NO;
				CLANG_ANALYZER_NONNULL = YES;
				CLANG_ANALYZER_NUMBER_OBJECT_CONVERSION = YES_AGGRESSIVE;
				CLANG_CXX_LANGUAGE_STANDARD = "gnu++14";
				CLANG_CXX_LIBRARY = "libc++";
				CLANG_ENABLE_MODULES = YES;
				CLANG_ENABLE_OBJC_ARC = YES;
				CLANG_ENABLE_OBJC_WEAK = YES;
				CLANG_WARN_BLOCK_CAPTURE_AUTORELEASING = YES;
				CLANG_WARN_BOOL_CONVERSION = YES;
				CLANG_WARN_COMMA = YES;
				CLANG_WARN_CONSTANT_CONVERSION = YES;
				CLANG_WARN_DEPRECATED_OBJC_IMPLEMENTATIONS = YES;
				CLANG_WARN_DIRECT_OBJC_ISA_USAGE = YES_ERROR;
				CLANG_WARN_DOCUMENTATION_COMMENTS = YES;
				CLANG_WARN_EMPTY_BODY = YES;
				CLANG_WARN_ENUM_CONVERSION = YES;
				CLANG_WARN_INFINITE_RECURSION = YES;
				CLANG_WARN_INT_CONVERSION = YES;
				CLANG_WARN_NON_LITERAL_NULL_CONVERSION = YES;
				CLANG_WARN_OBJC_IMPLICIT_RETAIN_SELF = YES;
				CLANG_WARN_OBJC_LITERAL_CONVERSION = YES;
				CLANG_WARN_OBJC_ROOT_CLASS = YES_ERROR;
				CLANG_WARN_RANGE_LOOP_ANALYSIS = YES;
				CLANG_WARN_STRICT_PROTOTYPES = YES;
				CLANG_WARN_SUSPICIOUS_MOVE = YES;
				CLANG_WARN_UNGUARDED_AVAILABILITY = YES_AGGRESSIVE;
				CLANG_WARN_UNREACHABLE_CODE = YES;
				CLANG_WARN__DUPLICATE_METHOD_MATCH = YES;
				COPY_PHASE_STRIP = NO;
				DEBUG_INFORMATION_FORMAT = dwarf;
				ENABLE_STRICT_OBJC_MSGSEND = YES;
				ENABLE_TESTABILITY = YES;
				GCC_C_LANGUAGE_STANDARD = gnu11;
				GCC_DYNAMIC_NO_PIC = NO;
				GCC_NO_COMMON_BLOCKS = YES;
				GCC_OPTIMIZATION_LEVEL = 0;
				GCC_PREPROCESSOR_DEFINITIONS = (
					"DEBUG=1",
					"$(inherited)",
				);
				GCC_WARN_64_TO_32_BIT_CONVERSION = YES;
				GCC_WARN_ABOUT_RETURN_TYPE = YES_ERROR;
				GCC_WARN_UNDECLARED_SELECTOR = YES;
				GCC_WARN_UNINITIALIZED_AUTOS = YES_AGGRESSIVE;
				GCC_WARN_UNUSED_FUNCTION = YES;
				GCC_WARN_UNUSED_VARIABLE = YES;
				MACOSX_DEPLOYMENT_TARGET = 10.15;
				MTL_ENABLE_DEBUG_INFO = INCLUDE_SOURCE;
				MTL_FAST_MATH = YES;
				ONLY_ACTIVE_ARCH = YES;
				SDKROOT = macosx;
				SWIFT_ACTIVE_COMPILATION_CONDITIONS = DEBUG;
				SWIFT_OPTIMIZATION_LEVEL = "-Onone";
			};
			name = Debug;
		};
		5B41619D243B54FC006435A0 /* Release */ = {
			isa = XCBuildConfiguration;
			buildSettings = {
				ALWAYS_SEARCH_USER_PATHS = NO;
				CLANG_ANALYZER_NONNULL = YES;
				CLANG_ANALYZER_NUMBER_OBJECT_CONVERSION = YES_AGGRESSIVE;
				CLANG_CXX_LANGUAGE_STANDARD = "gnu++14";
				CLANG_CXX_LIBRARY = "libc++";
				CLANG_ENABLE_MODULES = YES;
				CLANG_ENABLE_OBJC_ARC = YES;
				CLANG_ENABLE_OBJC_WEAK = YES;
				CLANG_WARN_BLOCK_CAPTURE_AUTORELEASING = YES;
				CLANG_WARN_BOOL_CONVERSION = YES;
				CLANG_WARN_COMMA = YES;
				CLANG_WARN_CONSTANT_CONVERSION = YES;
				CLANG_WARN_DEPRECATED_OBJC_IMPLEMENTATIONS = YES;
				CLANG_WARN_DIRECT_OBJC_ISA_USAGE = YES_ERROR;
				CLANG_WARN_DOCUMENTATION_COMMENTS = YES;
				CLANG_WARN_EMPTY_BODY = YES;
				CLANG_WARN_ENUM_CONVERSION = YES;
				CLANG_WARN_INFINITE_RECURSION = YES;
				CLANG_WARN_INT_CONVERSION = YES;
				CLANG_WARN_NON_LITERAL_NULL_CONVERSION = YES;
				CLANG_WARN_OBJC_IMPLICIT_RETAIN_SELF = YES;
				CLANG_WARN_OBJC_LITERAL_CONVERSION = YES;
				CLANG_WARN_OBJC_ROOT_CLASS = YES_ERROR;
				CLANG_WARN_RANGE_LOOP_ANALYSIS = YES;
				CLANG_WARN_STRICT_PROTOTYPES = YES;
				CLANG_WARN_SUSPICIOUS_MOVE = YES;
				CLANG_WARN_UNGUARDED_AVAILABILITY = YES_AGGRESSIVE;
				CLANG_WARN_UNREACHABLE_CODE = YES;
				CLANG_WARN__DUPLICATE_METHOD_MATCH = YES;
				COPY_PHASE_STRIP = NO;
				DEBUG_INFORMATION_FORMAT = "dwarf-with-dsym";
				ENABLE_NS_ASSERTIONS = NO;
				ENABLE_STRICT_OBJC_MSGSEND = YES;
				GCC_C_LANGUAGE_STANDARD = gnu11;
				GCC_NO_COMMON_BLOCKS = YES;
				GCC_WARN_64_TO_32_BIT_CONVERSION = YES;
				GCC_WARN_ABOUT_RETURN_TYPE = YES_ERROR;
				GCC_WARN_UNDECLARED_SELECTOR = YES;
				GCC_WARN_UNINITIALIZED_AUTOS = YES_AGGRESSIVE;
				GCC_WARN_UNUSED_FUNCTION = YES;
				GCC_WARN_UNUSED_VARIABLE = YES;
				MACOSX_DEPLOYMENT_TARGET = 10.15;
				MTL_ENABLE_DEBUG_INFO = NO;
				MTL_FAST_MATH = YES;
				SDKROOT = macosx;
				SWIFT_COMPILATION_MODE = wholemodule;
				SWIFT_OPTIMIZATION_LEVEL = "-O";
			};
			name = Release;
		};
		5B41619F243B54FC006435A0 /* Debug */ = {
			isa = XCBuildConfiguration;
			buildSettings = {
				ASSETCATALOG_COMPILER_APPICON_NAME = AppIcon;
				CODE_SIGN_ENTITLEMENTS = mictoggle/mictoggle.entitlements;
				CODE_SIGN_STYLE = Automatic;
				COMBINE_HIDPI_IMAGES = YES;
				DEVELOPMENT_ASSET_PATHS = "\"mictoggle/Preview Content\"";
				DEVELOPMENT_TEAM = 97JCY7859U;
				ENABLE_HARDENED_RUNTIME = YES;
				ENABLE_PREVIEWS = YES;
				INFOPLIST_FILE = mictoggle/Info.plist;
				LD_RUNPATH_SEARCH_PATHS = (
					"$(inherited)",
					"@executable_path/../Frameworks",
				);
				MACOSX_DEPLOYMENT_TARGET = 10.15;
				PRODUCT_BUNDLE_IDENTIFIER = io.sentry.mictoggle;
				PRODUCT_NAME = "$(TARGET_NAME)";
				SWIFT_VERSION = 5.0;
			};
			name = Debug;
		};
		5B4161A0243B54FC006435A0 /* Release */ = {
			isa = XCBuildConfiguration;
			buildSettings = {
				ASSETCATALOG_COMPILER_APPICON_NAME = AppIcon;
				CODE_SIGN_ENTITLEMENTS = mictoggle/mictoggle.entitlements;
				CODE_SIGN_STYLE = Automatic;
				COMBINE_HIDPI_IMAGES = YES;
				DEVELOPMENT_ASSET_PATHS = "\"mictoggle/Preview Content\"";
				DEVELOPMENT_TEAM = 97JCY7859U;
				ENABLE_HARDENED_RUNTIME = YES;
				ENABLE_PREVIEWS = YES;
				INFOPLIST_FILE = mictoggle/Info.plist;
				LD_RUNPATH_SEARCH_PATHS = (
					"$(inherited)",
					"@executable_path/../Frameworks",
				);
				MACOSX_DEPLOYMENT_TARGET = 10.15;
				PRODUCT_BUNDLE_IDENTIFIER = io.sentry.mictoggle;
				PRODUCT_NAME = "$(TARGET_NAME)";
				SWIFT_VERSION = 5.0;
			};
			name = Release;
		};
/* End XCBuildConfiguration section */

/* Begin XCConfigurationList section */
		5B416186243B54FB006435A0 /* Build configuration list for PBXProject "mictoggle" */ = {
			isa = XCConfigurationList;
			buildConfigurations = (
				5B41619C243B54FC006435A0 /* Debug */,
				5B41619D243B54FC006435A0 /* Release */,
			);
			defaultConfigurationIsVisible = 0;
			defaultConfigurationName = Release;
		};
		5B41619E243B54FC006435A0 /* Build configuration list for PBXNativeTarget "mictoggle" */ = {
			isa = XCConfigurationList;
			buildConfigurations = (
				5B41619F243B54FC006435A0 /* Debug */,
				5B4161A0243B54FC006435A0 /* Release */,
			);
			defaultConfigurationIsVisible = 0;
			defaultConfigurationName = Release;
		};
/* End XCConfigurationList section */
	};
	rootObject = 5B416183243B54FB006435A0 /* Project object */;
}
